
Microsoft Visual Studio Solution File, Format Version 12.00
# Visual Studio Version 16
VisualStudioVersion = 16.0.29806.167
MinimumVisualStudioVersion = 10.0.40219.1
Project("{9A19103F-16F7-4668-BE54-9A1E7A4F7556}") = "BooksApiProject", "BooksApiProject\BooksApiProject.csproj", "{6343E932-985F-47D3-8F98-9DB13EBE3699}"
EndProject
Project("{9A19103F-16F7-4668-BE54-9A1E7A4F7556}") = "XUnitTestProject1", "XUnitTestProject1\XUnitTestProject1.csproj", "{0EA5CE0D-34EB-4512-A20B-A3EAD8760F1F}"
	ProjectSection(ProjectDependencies) = postProject
		{6343E932-985F-47D3-8F98-9DB13EBE3699} = {6343E932-985F-47D3-8F98-9DB13EBE3699}
	EndProjectSection
EndProject
Project("{FAE04EC0-301F-11D3-BF4B-00C04F79EFBC}") = "NUnitTestProject", "NUnitTestProject\NUnitTestProject.csproj", "{0FA8666C-7887-43AA-B0AC-283B658F8DB0}"
EndProject
Global
	GlobalSection(SolutionConfigurationPlatforms) = preSolution
		Debug|Any CPU = Debug|Any CPU
		Release|Any CPU = Release|Any CPU
	EndGlobalSection
	GlobalSection(ProjectConfigurationPlatforms) = postSolution
		{6343E932-985F-47D3-8F98-9DB13EBE3699}.Debug|Any CPU.ActiveCfg = Debug|Any CPU
		{6343E932-985F-47D3-8F98-9DB13EBE3699}.Debug|Any CPU.Build.0 = Debug|Any CPU
		{6343E932-985F-47D3-8F98-9DB13EBE3699}.Release|Any CPU.ActiveCfg = Release|Any CPU
		{6343E932-985F-47D3-8F98-9DB13EBE3699}.Release|Any CPU.Build.0 = Release|Any CPU
		{0EA5CE0D-34EB-4512-A20B-A3EAD8760F1F}.Debug|Any CPU.ActiveCfg = Debug|Any CPU
		{0EA5CE0D-34EB-4512-A20B-A3EAD8760F1F}.Debug|Any CPU.Build.0 = Debug|Any CPU
		{0EA5CE0D-34EB-4512-A20B-A3EAD8760F1F}.Release|Any CPU.ActiveCfg = Release|Any CPU
		{0EA5CE0D-34EB-4512-A20B-A3EAD8760F1F}.Release|Any CPU.Build.0 = Release|Any CPU
		{0FA8666C-7887-43AA-B0AC-283B658F8DB0}.Debug|Any CPU.ActiveCfg = Debug|Any CPU
		{0FA8666C-7887-43AA-B0AC-283B658F8DB0}.Debug|Any CPU.Build.0 = Debug|Any CPU
		{0FA8666C-7887-43AA-B0AC-283B658F8DB0}.Release|Any CPU.ActiveCfg = Release|Any CPU
		{0FA8666C-7887-43AA-B0AC-283B658F8DB0}.Release|Any CPU.Build.0 = Release|Any CPU
	EndGlobalSection
	GlobalSection(SolutionProperties) = preSolution
		HideSolutionNode = FALSE
	EndGlobalSection
	GlobalSection(ExtensibilityGlobals) = postSolution
		SolutionGuid = {9418FB2C-54B6-47CD-A715-91255FBDBC66}
	EndGlobalSection
EndGlobal
